// !$*UTF8*$!
{
	archiveVersion = 1;
	classes = {
	};
	objectVersion = 55;
	objects = {

/* Begin PBXBuildFile section */
		22FA650F274E25B100A6DE42 /* DetailsViewController.swift in Sources */ = {isa = PBXBuildFile; fileRef = 22FA650E274E25B100A6DE42 /* DetailsViewController.swift */; };
		5112BDF6274F5BFF00F81BFF /* CustomOrder.swift in Sources */ = {isa = PBXBuildFile; fileRef = 5112BDF5274F5BFF00F81BFF /* CustomOrder.swift */; };
		51300831274B6C65009D9DEC /* AppDelegate.swift in Sources */ = {isa = PBXBuildFile; fileRef = 51300830274B6C65009D9DEC /* AppDelegate.swift */; };
		51300833274B6C65009D9DEC /* SceneDelegate.swift in Sources */ = {isa = PBXBuildFile; fileRef = 51300832274B6C65009D9DEC /* SceneDelegate.swift */; };
		51300835274B6C65009D9DEC /* ViewController.swift in Sources */ = {isa = PBXBuildFile; fileRef = 51300834274B6C65009D9DEC /* ViewController.swift */; };
		51300838274B6C65009D9DEC /* Main.storyboard in Resources */ = {isa = PBXBuildFile; fileRef = 51300836274B6C65009D9DEC /* Main.storyboard */; };
		5130083B274B6C65009D9DEC /* FlowerStore_4U.xcdatamodeld in Sources */ = {isa = PBXBuildFile; fileRef = 51300839274B6C65009D9DEC /* FlowerStore_4U.xcdatamodeld */; };
		5130083D274B6C67009D9DEC /* Assets.xcassets in Resources */ = {isa = PBXBuildFile; fileRef = 5130083C274B6C67009D9DEC /* Assets.xcassets */; };
		51300840274B6C67009D9DEC /* LaunchScreen.storyboard in Resources */ = {isa = PBXBuildFile; fileRef = 5130083E274B6C67009D9DEC /* LaunchScreen.storyboard */; };
		5130084C274BB919009D9DEC /* ProuductsCell.swift in Sources */ = {isa = PBXBuildFile; fileRef = 5130084B274BB919009D9DEC /* ProuductsCell.swift */; };
		A52337EC274D6D2300703312 /* PhotoBannerCell.swift in Sources */ = {isa = PBXBuildFile; fileRef = A52337EB274D6D2300703312 /* PhotoBannerCell.swift */; };
/* End PBXBuildFile section */

/* Begin PBXFileReference section */
		22FA650E274E25B100A6DE42 /* DetailsViewController.swift */ = {isa = PBXFileReference; lastKnownFileType = sourcecode.swift; path = DetailsViewController.swift; sourceTree = "<group>"; };
		5112BDF5274F5BFF00F81BFF /* CustomOrder.swift */ = {isa = PBXFileReference; lastKnownFileType = sourcecode.swift; path = CustomOrder.swift; sourceTree = "<group>"; };
		5130082D274B6C65009D9DEC /* FlowerStore_4U.app */ = {isa = PBXFileReference; explicitFileType = wrapper.application; includeInIndex = 0; path = FlowerStore_4U.app; sourceTree = BUILT_PRODUCTS_DIR; };
		51300830274B6C65009D9DEC /* AppDelegate.swift */ = {isa = PBXFileReference; lastKnownFileType = sourcecode.swift; path = AppDelegate.swift; sourceTree = "<group>"; };
		51300832274B6C65009D9DEC /* SceneDelegate.swift */ = {isa = PBXFileReference; lastKnownFileType = sourcecode.swift; path = SceneDelegate.swift; sourceTree = "<group>"; };
		51300834274B6C65009D9DEC /* ViewController.swift */ = {isa = PBXFileReference; lastKnownFileType = sourcecode.swift; path = ViewController.swift; sourceTree = "<group>"; };
		51300837274B6C65009D9DEC /* Base */ = {isa = PBXFileReference; lastKnownFileType = file.storyboard; name = Base; path = Base.lproj/Main.storyboard; sourceTree = "<group>"; };
		5130083A274B6C65009D9DEC /* FlowerStore_4U.xcdatamodel */ = {isa = PBXFileReference; lastKnownFileType = wrapper.xcdatamodel; path = FlowerStore_4U.xcdatamodel; sourceTree = "<group>"; };
		5130083C274B6C67009D9DEC /* Assets.xcassets */ = {isa = PBXFileReference; lastKnownFileType = folder.assetcatalog; path = Assets.xcassets; sourceTree = "<group>"; };
		5130083F274B6C67009D9DEC /* Base */ = {isa = PBXFileReference; lastKnownFileType = file.storyboard; name = Base; path = Base.lproj/LaunchScreen.storyboard; sourceTree = "<group>"; };
		51300841274B6C67009D9DEC /* Info.plist */ = {isa = PBXFileReference; lastKnownFileType = text.plist.xml; path = Info.plist; sourceTree = "<group>"; };
		5130084B274BB919009D9DEC /* ProuductsCell.swift */ = {isa = PBXFileReference; lastKnownFileType = sourcecode.swift; path = ProuductsCell.swift; sourceTree = "<group>"; };
		A52337EB274D6D2300703312 /* PhotoBannerCell.swift */ = {isa = PBXFileReference; lastKnownFileType = sourcecode.swift; path = PhotoBannerCell.swift; sourceTree = "<group>"; };
/* End PBXFileReference section */

/* Begin PBXFrameworksBuildPhase section */
		5130082A274B6C65009D9DEC /* Frameworks */ = {
			isa = PBXFrameworksBuildPhase;
			buildActionMask = 2147483647;
			files = (
			);
			runOnlyForDeploymentPostprocessing = 0;
		};
/* End PBXFrameworksBuildPhase section */

/* Begin PBXGroup section */
		51300824274B6C65009D9DEC = {
			isa = PBXGroup;
			children = (
				5130082F274B6C65009D9DEC /* FlowerStore_4U */,
				5130082E274B6C65009D9DEC /* Products */,
			);
			sourceTree = "<group>";
		};
		5130082E274B6C65009D9DEC /* Products */ = {
			isa = PBXGroup;
			children = (
				5130082D274B6C65009D9DEC /* FlowerStore_4U.app */,
			);
			name = Products;
			sourceTree = "<group>";
		};
		5130082F274B6C65009D9DEC /* FlowerStore_4U */ = {
			isa = PBXGroup;
			children = (
				51300830274B6C65009D9DEC /* AppDelegate.swift */,
				51300832274B6C65009D9DEC /* SceneDelegate.swift */,
				5112BDF5274F5BFF00F81BFF /* CustomOrder.swift */,
				51300834274B6C65009D9DEC /* ViewController.swift */,
				5130084B274BB919009D9DEC /* ProuductsCell.swift */,
				51300836274B6C65009D9DEC /* Main.storyboard */,
				22FA650E274E25B100A6DE42 /* DetailsViewController.swift */,
				A52337EB274D6D2300703312 /* PhotoBannerCell.swift */,
				5130083C274B6C67009D9DEC /* Assets.xcassets */,
				5130083E274B6C67009D9DEC /* LaunchScreen.storyboard */,
				51300841274B6C67009D9DEC /* Info.plist */,
				51300839274B6C65009D9DEC /* FlowerStore_4U.xcdatamodeld */,
			);
			path = FlowerStore_4U;
			sourceTree = "<group>";
		};
/* End PBXGroup section */

/* Begin PBXNativeTarget section */
		5130082C274B6C65009D9DEC /* FlowerStore_4U */ = {
			isa = PBXNativeTarget;
			buildConfigurationList = 51300844274B6C67009D9DEC /* Build configuration list for PBXNativeTarget "FlowerStore_4U" */;
			buildPhases = (
				51300829274B6C65009D9DEC /* Sources */,
				5130082A274B6C65009D9DEC /* Frameworks */,
				5130082B274B6C65009D9DEC /* Resources */,
			);
			buildRules = (
			);
			dependencies = (
			);
			name = FlowerStore_4U;
			productName = FlowerStore_4U;
			productReference = 5130082D274B6C65009D9DEC /* FlowerStore_4U.app */;
			productType = "com.apple.product-type.application";
		};
/* End PBXNativeTarget section */

/* Begin PBXProject section */
		51300825274B6C65009D9DEC /* Project object */ = {
			isa = PBXProject;
			attributes = {
				BuildIndependentTargetsInParallel = 1;
				LastSwiftUpdateCheck = 1300;
				LastUpgradeCheck = 1300;
				TargetAttributes = {
					5130082C274B6C65009D9DEC = {
						CreatedOnToolsVersion = 13.0;
					};
				};
			};
			buildConfigurationList = 51300828274B6C65009D9DEC /* Build configuration list for PBXProject "FlowerStore_4U" */;
			compatibilityVersion = "Xcode 13.0";
			developmentRegion = en;
			hasScannedForEncodings = 0;
			knownRegions = (
				en,
				Base,
			);
			mainGroup = 51300824274B6C65009D9DEC;
			productRefGroup = 5130082E274B6C65009D9DEC /* Products */;
			projectDirPath = "";
			projectRoot = "";
			targets = (
				5130082C274B6C65009D9DEC /* FlowerStore_4U */,
			);
		};
/* End PBXProject section */

/* Begin PBXResourcesBuildPhase section */
		5130082B274B6C65009D9DEC /* Resources */ = {
			isa = PBXResourcesBuildPhase;
			buildActionMask = 2147483647;
			files = (
				51300840274B6C67009D9DEC /* LaunchScreen.storyboard in Resources */,
				5130083D274B6C67009D9DEC /* Assets.xcassets in Resources */,
				51300838274B6C65009D9DEC /* Main.storyboard in Resources */,
			);
			runOnlyForDeploymentPostprocessing = 0;
		};
/* End PBXResourcesBuildPhase section */

/* Begin PBXSourcesBuildPhase section */
		51300829274B6C65009D9DEC /* Sources */ = {
			isa = PBXSourcesBuildPhase;
			buildActionMask = 2147483647;
			files = (
				51300835274B6C65009D9DEC /* ViewController.swift in Sources */,
				5112BDF6274F5BFF00F81BFF /* CustomOrder.swift in Sources */,
				51300831274B6C65009D9DEC /* AppDelegate.swift in Sources */,
				22FA650F274E25B100A6DE42 /* DetailsViewController.swift in Sources */,
				5130084C274BB919009D9DEC /* ProuductsCell.swift in Sources */,
				51300833274B6C65009D9DEC /* SceneDelegate.swift in Sources */,
				A52337EC274D6D2300703312 /* PhotoBannerCell.swift in Sources */,
				5130083B274B6C65009D9DEC /* FlowerStore_4U.xcdatamodeld in Sources */,
			);
			runOnlyForDeploymentPostprocessing = 0;
		};
/* End PBXSourcesBuildPhase section */

/* Begin PBXVariantGroup section */
		51300836274B6C65009D9DEC /* Main.storyboard */ = {
			isa = PBXVariantGroup;
			children = (
				51300837274B6C65009D9DEC /* Base */,
			);
			name = Main.storyboard;
			sourceTree = "<group>";
		};
		5130083E274B6C67009D9DEC /* LaunchScreen.storyboard */ = {
			isa = PBXVariantGroup;
			children = (
				5130083F274B6C67009D9DEC /* Base */,
			);
			name = LaunchScreen.storyboard;
			sourceTree = "<group>";
		};
/* End PBXVariantGroup section */

/* Begin XCBuildConfiguration section */
		51300842274B6C67009D9DEC /* Debug */ = {
			isa = XCBuildConfiguration;
			buildSettings = {
				ALWAYS_SEARCH_USER_PATHS = NO;
				CLANG_ANALYZER_NONNULL = YES;
				CLANG_ANALYZER_NUMBER_OBJECT_CONVERSION = YES_AGGRESSIVE;
				CLANG_CXX_LANGUAGE_STANDARD = "gnu++17";
				CLANG_CXX_LIBRARY = "libc++";
				CLANG_ENABLE_MODULES = YES;
				CLANG_ENABLE_OBJC_ARC = YES;
				CLANG_ENABLE_OBJC_WEAK = YES;
				CLANG_WARN_BLOCK_CAPTURE_AUTORELEASING = YES;
				CLANG_WARN_BOOL_CONVERSION = YES;
				CLANG_WARN_COMMA = YES;
				CLANG_WARN_CONSTANT_CONVERSION = YES;
				CLANG_WARN_DEPRECATED_OBJC_IMPLEMENTATIONS = YES;
				CLANG_WARN_DIRECT_OBJC_ISA_USAGE = YES_ERROR;
				CLANG_WARN_DOCUMENTATION_COMMENTS = YES;
				CLANG_WARN_EMPTY_BODY = YES;
				CLANG_WARN_ENUM_CONVERSION = YES;
				CLANG_WARN_INFINITE_RECURSION = YES;
				CLANG_WARN_INT_CONVERSION = YES;
				CLANG_WARN_NON_LITERAL_NULL_CONVERSION = YES;
				CLANG_WARN_OBJC_IMPLICIT_RETAIN_SELF = YES;
				CLANG_WARN_OBJC_LITERAL_CONVERSION = YES;
				CLANG_WARN_OBJC_ROOT_CLASS = YES_ERROR;
				CLANG_WARN_QUOTED_INCLUDE_IN_FRAMEWORK_HEADER = YES;
				CLANG_WARN_RANGE_LOOP_ANALYSIS = YES;
				CLANG_WARN_STRICT_PROTOTYPES = YES;
				CLANG_WARN_SUSPICIOUS_MOVE = YES;
				CLANG_WARN_UNGUARDED_AVAILABILITY = YES_AGGRESSIVE;
				CLANG_WARN_UNREACHABLE_CODE = YES;
				CLANG_WARN__DUPLICATE_METHOD_MATCH = YES;
				COPY_PHASE_STRIP = NO;
				DEBUG_INFORMATION_FORMAT = dwarf;
				ENABLE_STRICT_OBJC_MSGSEND = YES;
				ENABLE_TESTABILITY = YES;
				GCC_C_LANGUAGE_STANDARD = gnu11;
				GCC_DYNAMIC_NO_PIC = NO;
				GCC_NO_COMMON_BLOCKS = YES;
				GCC_OPTIMIZATION_LEVEL = 0;
				GCC_PREPROCESSOR_DEFINITIONS = (
					"DEBUG=1",
					"$(inherited)",
				);
				GCC_WARN_64_TO_32_BIT_CONVERSION = YES;
				GCC_WARN_ABOUT_RETURN_TYPE = YES_ERROR;
				GCC_WARN_UNDECLARED_SELECTOR = YES;
				GCC_WARN_UNINITIALIZED_AUTOS = YES_AGGRESSIVE;
				GCC_WARN_UNUSED_FUNCTION = YES;
				GCC_WARN_UNUSED_VARIABLE = YES;
				IPHONEOS_DEPLOYMENT_TARGET = 15.0;
				MTL_ENABLE_DEBUG_INFO = INCLUDE_SOURCE;
				MTL_FAST_MATH = YES;
				ONLY_ACTIVE_ARCH = YES;
				SDKROOT = iphoneos;
				SWIFT_ACTIVE_COMPILATION_CONDITIONS = DEBUG;
				SWIFT_OPTIMIZATION_LEVEL = "-Onone";
			};
			name = Debug;
		};
		51300843274B6C67009D9DEC /* Release */ = {
			isa = XCBuildConfiguration;
			buildSettings = {
				ALWAYS_SEARCH_USER_PATHS = NO;
				CLANG_ANALYZER_NONNULL = YES;
				CLANG_ANALYZER_NUMBER_OBJECT_CONVERSION = YES_AGGRESSIVE;
				CLANG_CXX_LANGUAGE_STANDARD = "gnu++17";
				CLANG_CXX_LIBRARY = "libc++";
				CLANG_ENABLE_MODULES = YES;
				CLANG_ENABLE_OBJC_ARC = YES;
				CLANG_ENABLE_OBJC_WEAK = YES;
				CLANG_WARN_BLOCK_CAPTURE_AUTORELEASING = YES;
				CLANG_WARN_BOOL_CONVERSION = YES;
				CLANG_WARN_COMMA = YES;
				CLANG_WARN_CONSTANT_CONVERSION = YES;
				CLANG_WARN_DEPRECATED_OBJC_IMPLEMENTATIONS = YES;
				CLANG_WARN_DIRECT_OBJC_ISA_USAGE = YES_ERROR;
				CLANG_WARN_DOCUMENTATION_COMMENTS = YES;
				CLANG_WARN_EMPTY_BODY = YES;
				CLANG_WARN_ENUM_CONVERSION = YES;
				CLANG_WARN_INFINITE_RECURSION = YES;
				CLANG_WARN_INT_CONVERSION = YES;
				CLANG_WARN_NON_LITERAL_NULL_CONVERSION = YES;
				CLANG_WARN_OBJC_IMPLICIT_RETAIN_SELF = YES;
				CLANG_WARN_OBJC_LITERAL_CONVERSION = YES;
				CLANG_WARN_OBJC_ROOT_CLASS = YES_ERROR;
				CLANG_WARN_QUOTED_INCLUDE_IN_FRAMEWORK_HEADER = YES;
				CLANG_WARN_RANGE_LOOP_ANALYSIS = YES;
				CLANG_WARN_STRICT_PROTOTYPES = YES;
				CLANG_WARN_SUSPICIOUS_MOVE = YES;
				CLANG_WARN_UNGUARDED_AVAILABILITY = YES_AGGRESSIVE;
				CLANG_WARN_UNREACHABLE_CODE = YES;
				CLANG_WARN__DUPLICATE_METHOD_MATCH = YES;
				COPY_PHASE_STRIP = NO;
				DEBUG_INFORMATION_FORMAT = "dwarf-with-dsym";
				ENABLE_NS_ASSERTIONS = NO;
				ENABLE_STRICT_OBJC_MSGSEND = YES;
				GCC_C_LANGUAGE_STANDARD = gnu11;
				GCC_NO_COMMON_BLOCKS = YES;
				GCC_WARN_64_TO_32_BIT_CONVERSION = YES;
				GCC_WARN_ABOUT_RETURN_TYPE = YES_ERROR;
				GCC_WARN_UNDECLARED_SELECTOR = YES;
				GCC_WARN_UNINITIALIZED_AUTOS = YES_AGGRESSIVE;
				GCC_WARN_UNUSED_FUNCTION = YES;
				GCC_WARN_UNUSED_VARIABLE = YES;
				IPHONEOS_DEPLOYMENT_TARGET = 15.0;
				MTL_ENABLE_DEBUG_INFO = NO;
				MTL_FAST_MATH = YES;
				SDKROOT = iphoneos;
				SWIFT_COMPILATION_MODE = wholemodule;
				SWIFT_OPTIMIZATION_LEVEL = "-O";
				VALIDATE_PRODUCT = YES;
			};
			name = Release;
		};
		51300845274B6C67009D9DEC /* Debug */ = {
			isa = XCBuildConfiguration;
			buildSettings = {
				ASSETCATALOG_COMPILER_APPICON_NAME = AppIcon;
				ASSETCATALOG_COMPILER_GLOBAL_ACCENT_COLOR_NAME = AccentColor;
				CODE_SIGN_STYLE = Automatic;
				CURRENT_PROJECT_VERSION = 1;
				DEVELOPMENT_TEAM = X899GFN3F4;
				GENERATE_INFOPLIST_FILE = YES;
				INFOPLIST_FILE = FlowerStore_4U/Info.plist;
				INFOPLIST_KEY_CFBundleDisplayName = "For You";
				INFOPLIST_KEY_UIApplicationSupportsIndirectInputEvents = YES;
				INFOPLIST_KEY_UILaunchStoryboardName = LaunchScreen;
				INFOPLIST_KEY_UIMainStoryboardFile = Main;
				INFOPLIST_KEY_UISupportedInterfaceOrientations_iPad = "UIInterfaceOrientationPortrait UIInterfaceOrientationPortraitUpsideDown UIInterfaceOrientationLandscapeLeft UIInterfaceOrientationLandscapeRight";
				INFOPLIST_KEY_UISupportedInterfaceOrientations_iPhone = "UIInterfaceOrientationPortrait UIInterfaceOrientationLandscapeLeft UIInterfaceOrientationLandscapeRight";
				LD_RUNPATH_SEARCH_PATHS = (
					"$(inherited)",
					"@executable_path/Frameworks",
				);
				MARKETING_VERSION = 1.0;
				PRODUCT_BUNDLE_IDENTIFIER = "FlowerStore-4U";
				PRODUCT_NAME = "$(TARGET_NAME)";
				SWIFT_EMIT_LOC_STRINGS = YES;
				SWIFT_VERSION = 5.0;
				TARGETED_DEVICE_FAMILY = 1;
			};
			name = Debug;
		};
		51300846274B6C67009D9DEC /* Release */ = {
			isa = XCBuildConfiguration;
			buildSettings = {
				ASSETCATALOG_COMPILER_APPICON_NAME = AppIcon;
				ASSETCATALOG_COMPILER_GLOBAL_ACCENT_COLOR_NAME = AccentColor;
				CODE_SIGN_STYLE = Automatic;
				CURRENT_PROJECT_VERSION = 1;
				DEVELOPMENT_TEAM = X899GFN3F4;
				GENERATE_INFOPLIST_FILE = YES;
				INFOPLIST_FILE = FlowerStore_4U/Info.plist;
				INFOPLIST_KEY_CFBundleDisplayName = "For You";
				INFOPLIST_KEY_UIApplicationSupportsIndirectInputEvents = YES;
				INFOPLIST_KEY_UILaunchStoryboardName = LaunchScreen;
				INFOPLIST_KEY_UIMainStoryboardFile = Main;
				INFOPLIST_KEY_UISupportedInterfaceOrientations_iPad = "UIInterfaceOrientationPortrait UIInterfaceOrientationPortraitUpsideDown UIInterfaceOrientationLandscapeLeft UIInterfaceOrientationLandscapeRight";
				INFOPLIST_KEY_UISupportedInterfaceOrientations_iPhone = "UIInterfaceOrientationPortrait UIInterfaceOrientationLandscapeLeft UIInterfaceOrientationLandscapeRight";
				LD_RUNPATH_SEARCH_PATHS = (
					"$(inherited)",
					"@executable_path/Frameworks",
				);
				MARKETING_VERSION = 1.0;
				PRODUCT_BUNDLE_IDENTIFIER = "FlowerStore-4U";
				PRODUCT_NAME = "$(TARGET_NAME)";
				SWIFT_EMIT_LOC_STRINGS = YES;
				SWIFT_VERSION = 5.0;
				TARGETED_DEVICE_FAMILY = 1;
			};
			name = Release;
		};
/* End XCBuildConfiguration section */

/* Begin XCConfigurationList section */
		51300828274B6C65009D9DEC /* Build configuration list for PBXProject "FlowerStore_4U" */ = {
			isa = XCConfigurationList;
			buildConfigurations = (
				51300842274B6C67009D9DEC /* Debug */,
				51300843274B6C67009D9DEC /* Release */,
			);
			defaultConfigurationIsVisible = 0;
			defaultConfigurationName = Release;
		};
		51300844274B6C67009D9DEC /* Build configuration list for PBXNativeTarget "FlowerStore_4U" */ = {
			isa = XCConfigurationList;
			buildConfigurations = (
				51300845274B6C67009D9DEC /* Debug */,
				51300846274B6C67009D9DEC /* Release */,
			);
			defaultConfigurationIsVisible = 0;
			defaultConfigurationName = Release;
		};
/* End XCConfigurationList section */

/* Begin XCVersionGroup section */
		51300839274B6C65009D9DEC /* FlowerStore_4U.xcdatamodeld */ = {
			isa = XCVersionGroup;
			children = (
				5130083A274B6C65009D9DEC /* FlowerStore_4U.xcdatamodel */,
			);
			currentVersion = 5130083A274B6C65009D9DEC /* FlowerStore_4U.xcdatamodel */;
			path = FlowerStore_4U.xcdatamodeld;
			sourceTree = "<group>";
			versionGroupType = wrapper.xcdatamodel;
		};
/* End XCVersionGroup section */
	};
	rootObject = 51300825274B6C65009D9DEC /* Project object */;
}
